// !$*UTF8*$!
{
	archiveVersion = 1;
	classes = {
	};
	objectVersion = 51;
	objects = {

/* Begin PBXBuildFile section */
		1FD93E2A3BE34A64658D8E23 /* Pods_Techitter.framework in Frameworks */ = {isa = PBXBuildFile; fileRef = 7C87020D5AA1120DFC9074EF /* Pods_Techitter.framework */; };
		43D65B3C32E8D4ED163E887F /* Pods_TechitterUITests.framework in Frameworks */ = {isa = PBXBuildFile; fileRef = 01FF51F33CFB0A56486B3491 /* Pods_TechitterUITests.framework */; };
		6EA5A7E7E878DDBCFA16912F /* Pods_TechitterTests.framework in Frameworks */ = {isa = PBXBuildFile; fileRef = 5F627CA534BD5C9E53B87350 /* Pods_TechitterTests.framework */; };
		8F29BAD22338B00B001A7EF9 /* GoogleService-Info.plist in Resources */ = {isa = PBXBuildFile; fileRef = 8F29BAD12338B00B001A7EF9 /* GoogleService-Info.plist */; };
		8F6950552341B56900DB6201 /* icon.png in Resources */ = {isa = PBXBuildFile; fileRef = 8F6950542341B56900DB6201 /* icon.png */; };
		8FBED7A92338AEF800DF7164 /* AppDelegate.swift in Sources */ = {isa = PBXBuildFile; fileRef = 8FBED7A82338AEF800DF7164 /* AppDelegate.swift */; };
		8FBED7AB2338AEF800DF7164 /* SceneDelegate.swift in Sources */ = {isa = PBXBuildFile; fileRef = 8FBED7AA2338AEF800DF7164 /* SceneDelegate.swift */; };
		8FBED7AD2338AEF800DF7164 /* ViewController.swift in Sources */ = {isa = PBXBuildFile; fileRef = 8FBED7AC2338AEF800DF7164 /* ViewController.swift */; };
		8FBED7B02338AEF800DF7164 /* Main.storyboard in Resources */ = {isa = PBXBuildFile; fileRef = 8FBED7AE2338AEF800DF7164 /* Main.storyboard */; };
		8FBED7B22338AEF800DF7164 /* Assets.xcassets in Resources */ = {isa = PBXBuildFile; fileRef = 8FBED7B12338AEF800DF7164 /* Assets.xcassets */; };
		8FBED7B52338AEF800DF7164 /* LaunchScreen.storyboard in Resources */ = {isa = PBXBuildFile; fileRef = 8FBED7B32338AEF800DF7164 /* LaunchScreen.storyboard */; };
		8FBED7C02338AEF800DF7164 /* TechitterTests.swift in Sources */ = {isa = PBXBuildFile; fileRef = 8FBED7BF2338AEF800DF7164 /* TechitterTests.swift */; };
		8FBED7CB2338AEF800DF7164 /* TechitterUITests.swift in Sources */ = {isa = PBXBuildFile; fileRef = 8FBED7CA2338AEF800DF7164 /* TechitterUITests.swift */; };
		8FFFECE4233B378D00B8D9BF /* PostWatchViewController.swift in Sources */ = {isa = PBXBuildFile; fileRef = 8FFFECE3233B378D00B8D9BF /* PostWatchViewController.swift */; };
		8FFFED27233F6E3700B8D9BF /* CustumnTableViewCell.swift in Sources */ = {isa = PBXBuildFile; fileRef = 8FFFED25233F6E3600B8D9BF /* CustumnTableViewCell.swift */; };
		8FFFED28233F6E3700B8D9BF /* CustumnTableViewCell.xib in Resources */ = {isa = PBXBuildFile; fileRef = 8FFFED26233F6E3600B8D9BF /* CustumnTableViewCell.xib */; };
/* End PBXBuildFile section */

/* Begin PBXContainerItemProxy section */
		8FBED7BC2338AEF800DF7164 /* PBXContainerItemProxy */ = {
			isa = PBXContainerItemProxy;
			containerPortal = 8FBED79D2338AEF700DF7164 /* Project object */;
			proxyType = 1;
			remoteGlobalIDString = 8FBED7A42338AEF700DF7164;
			remoteInfo = Techitter;
		};
		8FBED7C72338AEF800DF7164 /* PBXContainerItemProxy */ = {
			isa = PBXContainerItemProxy;
			containerPortal = 8FBED79D2338AEF700DF7164 /* Project object */;
			proxyType = 1;
			remoteGlobalIDString = 8FBED7A42338AEF700DF7164;
			remoteInfo = Techitter;
		};
/* End PBXContainerItemProxy section */

/* Begin PBXFileReference section */
		01FF51F33CFB0A56486B3491 /* Pods_TechitterUITests.framework */ = {isa = PBXFileReference; explicitFileType = wrapper.framework; includeInIndex = 0; path = Pods_TechitterUITests.framework; sourceTree = BUILT_PRODUCTS_DIR; };
		3D45065881BF1732BCD3A18E /* Pods-TechitterUITests.release.xcconfig */ = {isa = PBXFileReference; includeInIndex = 1; lastKnownFileType = text.xcconfig; name = "Pods-TechitterUITests.release.xcconfig"; path = "Target Support Files/Pods-TechitterUITests/Pods-TechitterUITests.release.xcconfig"; sourceTree = "<group>"; };
		5B9140D9138225505E47DC39 /* Pods-TechitterTests.debug.xcconfig */ = {isa = PBXFileReference; includeInIndex = 1; lastKnownFileType = text.xcconfig; name = "Pods-TechitterTests.debug.xcconfig"; path = "Target Support Files/Pods-TechitterTests/Pods-TechitterTests.debug.xcconfig"; sourceTree = "<group>"; };
		5F627CA534BD5C9E53B87350 /* Pods_TechitterTests.framework */ = {isa = PBXFileReference; explicitFileType = wrapper.framework; includeInIndex = 0; path = Pods_TechitterTests.framework; sourceTree = BUILT_PRODUCTS_DIR; };
		7C87020D5AA1120DFC9074EF /* Pods_Techitter.framework */ = {isa = PBXFileReference; explicitFileType = wrapper.framework; includeInIndex = 0; path = Pods_Techitter.framework; sourceTree = BUILT_PRODUCTS_DIR; };
		8E86EA1B09552E66B445F1F7 /* Pods-TechitterTests.release.xcconfig */ = {isa = PBXFileReference; includeInIndex = 1; lastKnownFileType = text.xcconfig; name = "Pods-TechitterTests.release.xcconfig"; path = "Target Support Files/Pods-TechitterTests/Pods-TechitterTests.release.xcconfig"; sourceTree = "<group>"; };
		8F29BAD12338B00B001A7EF9 /* GoogleService-Info.plist */ = {isa = PBXFileReference; fileEncoding = 4; lastKnownFileType = text.plist.xml; path = "GoogleService-Info.plist"; sourceTree = "<group>"; };
		8F6950542341B56900DB6201 /* icon.png */ = {isa = PBXFileReference; lastKnownFileType = image.png; path = icon.png; sourceTree = "<group>"; };
		8FBED7A52338AEF800DF7164 /* Techitter.app */ = {isa = PBXFileReference; explicitFileType = wrapper.application; includeInIndex = 0; path = Techitter.app; sourceTree = BUILT_PRODUCTS_DIR; };
		8FBED7A82338AEF800DF7164 /* AppDelegate.swift */ = {isa = PBXFileReference; lastKnownFileType = sourcecode.swift; path = AppDelegate.swift; sourceTree = "<group>"; };
		8FBED7AA2338AEF800DF7164 /* SceneDelegate.swift */ = {isa = PBXFileReference; lastKnownFileType = sourcecode.swift; path = SceneDelegate.swift; sourceTree = "<group>"; };
		8FBED7AC2338AEF800DF7164 /* ViewController.swift */ = {isa = PBXFileReference; lastKnownFileType = sourcecode.swift; path = ViewController.swift; sourceTree = "<group>"; };
		8FBED7AF2338AEF800DF7164 /* Base */ = {isa = PBXFileReference; lastKnownFileType = file.storyboard; name = Base; path = Base.lproj/Main.storyboard; sourceTree = "<group>"; };
		8FBED7B12338AEF800DF7164 /* Assets.xcassets */ = {isa = PBXFileReference; lastKnownFileType = folder.assetcatalog; path = Assets.xcassets; sourceTree = "<group>"; };
		8FBED7B42338AEF800DF7164 /* Base */ = {isa = PBXFileReference; lastKnownFileType = file.storyboard; name = Base; path = Base.lproj/LaunchScreen.storyboard; sourceTree = "<group>"; };
		8FBED7B62338AEF800DF7164 /* Info.plist */ = {isa = PBXFileReference; lastKnownFileType = text.plist.xml; path = Info.plist; sourceTree = "<group>"; };
		8FBED7BB2338AEF800DF7164 /* TechitterTests.xctest */ = {isa = PBXFileReference; explicitFileType = wrapper.cfbundle; includeInIndex = 0; path = TechitterTests.xctest; sourceTree = BUILT_PRODUCTS_DIR; };
		8FBED7BF2338AEF800DF7164 /* TechitterTests.swift */ = {isa = PBXFileReference; lastKnownFileType = sourcecode.swift; path = TechitterTests.swift; sourceTree = "<group>"; };
		8FBED7C12338AEF800DF7164 /* Info.plist */ = {isa = PBXFileReference; lastKnownFileType = text.plist.xml; path = Info.plist; sourceTree = "<group>"; };
		8FBED7C62338AEF800DF7164 /* TechitterUITests.xctest */ = {isa = PBXFileReference; explicitFileType = wrapper.cfbundle; includeInIndex = 0; path = TechitterUITests.xctest; sourceTree = BUILT_PRODUCTS_DIR; };
		8FBED7CA2338AEF800DF7164 /* TechitterUITests.swift */ = {isa = PBXFileReference; lastKnownFileType = sourcecode.swift; path = TechitterUITests.swift; sourceTree = "<group>"; };
		8FBED7CC2338AEF800DF7164 /* Info.plist */ = {isa = PBXFileReference; lastKnownFileType = text.plist.xml; path = Info.plist; sourceTree = "<group>"; };
		8FFFECE3233B378D00B8D9BF /* PostWatchViewController.swift */ = {isa = PBXFileReference; lastKnownFileType = sourcecode.swift; path = PostWatchViewController.swift; sourceTree = "<group>"; };
		8FFFED25233F6E3600B8D9BF /* CustumnTableViewCell.swift */ = {isa = PBXFileReference; lastKnownFileType = sourcecode.swift; path = CustumnTableViewCell.swift; sourceTree = "<group>"; };
		8FFFED26233F6E3600B8D9BF /* CustumnTableViewCell.xib */ = {isa = PBXFileReference; lastKnownFileType = file.xib; path = CustumnTableViewCell.xib; sourceTree = "<group>"; };
		97B0CFF6C283FA153FEC128B /* Pods-Techitter.debug.xcconfig */ = {isa = PBXFileReference; includeInIndex = 1; lastKnownFileType = text.xcconfig; name = "Pods-Techitter.debug.xcconfig"; path = "Target Support Files/Pods-Techitter/Pods-Techitter.debug.xcconfig"; sourceTree = "<group>"; };
		B4054F41EC8C9FCBF1FB2198 /* Pods-Techitter.release.xcconfig */ = {isa = PBXFileReference; includeInIndex = 1; lastKnownFileType = text.xcconfig; name = "Pods-Techitter.release.xcconfig"; path = "Target Support Files/Pods-Techitter/Pods-Techitter.release.xcconfig"; sourceTree = "<group>"; };
		D74A7CF586729B216CD587D4 /* Pods-TechitterUITests.debug.xcconfig */ = {isa = PBXFileReference; includeInIndex = 1; lastKnownFileType = text.xcconfig; name = "Pods-TechitterUITests.debug.xcconfig"; path = "Target Support Files/Pods-TechitterUITests/Pods-TechitterUITests.debug.xcconfig"; sourceTree = "<group>"; };
/* End PBXFileReference section */

/* Begin PBXFrameworksBuildPhase section */
		8FBED7A22338AEF700DF7164 /* Frameworks */ = {
			isa = PBXFrameworksBuildPhase;
			buildActionMask = 2147483647;
			files = (
				1FD93E2A3BE34A64658D8E23 /* Pods_Techitter.framework in Frameworks */,
			);
			runOnlyForDeploymentPostprocessing = 0;
		};
		8FBED7B82338AEF800DF7164 /* Frameworks */ = {
			isa = PBXFrameworksBuildPhase;
			buildActionMask = 2147483647;
			files = (
				6EA5A7E7E878DDBCFA16912F /* Pods_TechitterTests.framework in Frameworks */,
			);
			runOnlyForDeploymentPostprocessing = 0;
		};
		8FBED7C32338AEF800DF7164 /* Frameworks */ = {
			isa = PBXFrameworksBuildPhase;
			buildActionMask = 2147483647;
			files = (
				43D65B3C32E8D4ED163E887F /* Pods_TechitterUITests.framework in Frameworks */,
			);
			runOnlyForDeploymentPostprocessing = 0;
		};
/* End PBXFrameworksBuildPhase section */

/* Begin PBXGroup section */
		5DABC33F9C63950B82C3DE93 /* Pods */ = {
			isa = PBXGroup;
			children = (
				97B0CFF6C283FA153FEC128B /* Pods-Techitter.debug.xcconfig */,
				B4054F41EC8C9FCBF1FB2198 /* Pods-Techitter.release.xcconfig */,
				5B9140D9138225505E47DC39 /* Pods-TechitterTests.debug.xcconfig */,
				8E86EA1B09552E66B445F1F7 /* Pods-TechitterTests.release.xcconfig */,
				D74A7CF586729B216CD587D4 /* Pods-TechitterUITests.debug.xcconfig */,
				3D45065881BF1732BCD3A18E /* Pods-TechitterUITests.release.xcconfig */,
			);
			path = Pods;
			sourceTree = "<group>";
		};
		8FBED79C2338AEF700DF7164 = {
			isa = PBXGroup;
			children = (
				8FBED7A72338AEF800DF7164 /* Techitter */,
				8FBED7BE2338AEF800DF7164 /* TechitterTests */,
				8FBED7C92338AEF800DF7164 /* TechitterUITests */,
				8FBED7A62338AEF800DF7164 /* Products */,
				5DABC33F9C63950B82C3DE93 /* Pods */,
				BE76810423D4905B83857083 /* Frameworks */,
			);
			sourceTree = "<group>";
		};
		8FBED7A62338AEF800DF7164 /* Products */ = {
			isa = PBXGroup;
			children = (
				8FBED7A52338AEF800DF7164 /* Techitter.app */,
				8FBED7BB2338AEF800DF7164 /* TechitterTests.xctest */,
				8FBED7C62338AEF800DF7164 /* TechitterUITests.xctest */,
			);
			name = Products;
			sourceTree = "<group>";
		};
		8FBED7A72338AEF800DF7164 /* Techitter */ = {
			isa = PBXGroup;
			children = (
				8F6950542341B56900DB6201 /* icon.png */,
				8FBED7A82338AEF800DF7164 /* AppDelegate.swift */,
				8FBED7AA2338AEF800DF7164 /* SceneDelegate.swift */,
				8FBED7AC2338AEF800DF7164 /* ViewController.swift */,
				8FBED7AE2338AEF800DF7164 /* Main.storyboard */,
				8FBED7B12338AEF800DF7164 /* Assets.xcassets */,
				8FBED7B32338AEF800DF7164 /* LaunchScreen.storyboard */,
				8FBED7B62338AEF800DF7164 /* Info.plist */,
				8F29BAD12338B00B001A7EF9 /* GoogleService-Info.plist */,
				8FFFECE3233B378D00B8D9BF /* PostWatchViewController.swift */,
				8FFFED25233F6E3600B8D9BF /* CustumnTableViewCell.swift */,
				8FFFED26233F6E3600B8D9BF /* CustumnTableViewCell.xib */,
			);
			path = Techitter;
			sourceTree = "<group>";
		};
		8FBED7BE2338AEF800DF7164 /* TechitterTests */ = {
			isa = PBXGroup;
			children = (
				8FBED7BF2338AEF800DF7164 /* TechitterTests.swift */,
				8FBED7C12338AEF800DF7164 /* Info.plist */,
			);
			path = TechitterTests;
			sourceTree = "<group>";
		};
		8FBED7C92338AEF800DF7164 /* TechitterUITests */ = {
			isa = PBXGroup;
			children = (
				8FBED7CA2338AEF800DF7164 /* TechitterUITests.swift */,
				8FBED7CC2338AEF800DF7164 /* Info.plist */,
			);
			path = TechitterUITests;
			sourceTree = "<group>";
		};
		BE76810423D4905B83857083 /* Frameworks */ = {
			isa = PBXGroup;
			children = (
				7C87020D5AA1120DFC9074EF /* Pods_Techitter.framework */,
				5F627CA534BD5C9E53B87350 /* Pods_TechitterTests.framework */,
				01FF51F33CFB0A56486B3491 /* Pods_TechitterUITests.framework */,
			);
			name = Frameworks;
			sourceTree = "<group>";
		};
/* End PBXGroup section */

/* Begin PBXNativeTarget section */
		8FBED7A42338AEF700DF7164 /* Techitter */ = {
			isa = PBXNativeTarget;
			buildConfigurationList = 8FBED7CF2338AEF800DF7164 /* Build configuration list for PBXNativeTarget "Techitter" */;
			buildPhases = (
				F5C03B42B445FF50A6F01F3C /* [CP] Check Pods Manifest.lock */,
				8FBED7A12338AEF700DF7164 /* Sources */,
				8FBED7A22338AEF700DF7164 /* Frameworks */,
				8FBED7A32338AEF700DF7164 /* Resources */,
				32261046E91FFC4A4C192E3D /* [CP] Embed Pods Frameworks */,
			);
			buildRules = (
			);
			dependencies = (
			);
			name = Techitter;
			productName = Techitter;
			productReference = 8FBED7A52338AEF800DF7164 /* Techitter.app */;
			productType = "com.apple.product-type.application";
		};
		8FBED7BA2338AEF800DF7164 /* TechitterTests */ = {
			isa = PBXNativeTarget;
			buildConfigurationList = 8FBED7D22338AEF800DF7164 /* Build configuration list for PBXNativeTarget "TechitterTests" */;
			buildPhases = (
				5128DCF61E2DF689E82BBBD7 /* [CP] Check Pods Manifest.lock */,
				8FBED7B72338AEF800DF7164 /* Sources */,
				8FBED7B82338AEF800DF7164 /* Frameworks */,
				8FBED7B92338AEF800DF7164 /* Resources */,
			);
			buildRules = (
			);
			dependencies = (
				8FBED7BD2338AEF800DF7164 /* PBXTargetDependency */,
			);
			name = TechitterTests;
			productName = TechitterTests;
			productReference = 8FBED7BB2338AEF800DF7164 /* TechitterTests.xctest */;
			productType = "com.apple.product-type.bundle.unit-test";
		};
		8FBED7C52338AEF800DF7164 /* TechitterUITests */ = {
			isa = PBXNativeTarget;
			buildConfigurationList = 8FBED7D52338AEF800DF7164 /* Build configuration list for PBXNativeTarget "TechitterUITests" */;
			buildPhases = (
				43EEA2C8F20B4AF81A8FF8A6 /* [CP] Check Pods Manifest.lock */,
				8FBED7C22338AEF800DF7164 /* Sources */,
				8FBED7C32338AEF800DF7164 /* Frameworks */,
				8FBED7C42338AEF800DF7164 /* Resources */,
			);
			buildRules = (
			);
			dependencies = (
				8FBED7C82338AEF800DF7164 /* PBXTargetDependency */,
			);
			name = TechitterUITests;
			productName = TechitterUITests;
			productReference = 8FBED7C62338AEF800DF7164 /* TechitterUITests.xctest */;
			productType = "com.apple.product-type.bundle.ui-testing";
		};
/* End PBXNativeTarget section */

/* Begin PBXProject section */
		8FBED79D2338AEF700DF7164 /* Project object */ = {
			isa = PBXProject;
			attributes = {
				LastSwiftUpdateCheck = 1100;
				LastUpgradeCheck = 1100;
				ORGANIZATIONNAME = kyamisuke;
				TargetAttributes = {
					8FBED7A42338AEF700DF7164 = {
						CreatedOnToolsVersion = 11.0;
					};
					8FBED7BA2338AEF800DF7164 = {
						CreatedOnToolsVersion = 11.0;
						TestTargetID = 8FBED7A42338AEF700DF7164;
					};
					8FBED7C52338AEF800DF7164 = {
						CreatedOnToolsVersion = 11.0;
						TestTargetID = 8FBED7A42338AEF700DF7164;
					};
				};
			};
			buildConfigurationList = 8FBED7A02338AEF700DF7164 /* Build configuration list for PBXProject "Techitter" */;
			compatibilityVersion = "Xcode 9.3";
			developmentRegion = en;
			hasScannedForEncodings = 0;
			knownRegions = (
				en,
				Base,
			);
			mainGroup = 8FBED79C2338AEF700DF7164;
			productRefGroup = 8FBED7A62338AEF800DF7164 /* Products */;
			projectDirPath = "";
			projectRoot = "";
			targets = (
				8FBED7A42338AEF700DF7164 /* Techitter */,
				8FBED7BA2338AEF800DF7164 /* TechitterTests */,
				8FBED7C52338AEF800DF7164 /* TechitterUITests */,
			);
		};
/* End PBXProject section */

/* Begin PBXResourcesBuildPhase section */
		8FBED7A32338AEF700DF7164 /* Resources */ = {
			isa = PBXResourcesBuildPhase;
			buildActionMask = 2147483647;
			files = (
				8FFFED28233F6E3700B8D9BF /* CustumnTableViewCell.xib in Resources */,
				8FBED7B52338AEF800DF7164 /* LaunchScreen.storyboard in Resources */,
				8F6950552341B56900DB6201 /* icon.png in Resources */,
				8FBED7B22338AEF800DF7164 /* Assets.xcassets in Resources */,
				8F29BAD22338B00B001A7EF9 /* GoogleService-Info.plist in Resources */,
				8FBED7B02338AEF800DF7164 /* Main.storyboard in Resources */,
			);
			runOnlyForDeploymentPostprocessing = 0;
		};
		8FBED7B92338AEF800DF7164 /* Resources */ = {
			isa = PBXResourcesBuildPhase;
			buildActionMask = 2147483647;
			files = (
			);
			runOnlyForDeploymentPostprocessing = 0;
		};
		8FBED7C42338AEF800DF7164 /* Resources */ = {
			isa = PBXResourcesBuildPhase;
			buildActionMask = 2147483647;
			files = (
			);
			runOnlyForDeploymentPostprocessing = 0;
		};
/* End PBXResourcesBuildPhase section */

/* Begin PBXShellScriptBuildPhase section */
		32261046E91FFC4A4C192E3D /* [CP] Embed Pods Frameworks */ = {
			isa = PBXShellScriptBuildPhase;
			buildActionMask = 2147483647;
			files = (
			);
			inputFileListPaths = (
				"${PODS_ROOT}/Target Support Files/Pods-Techitter/Pods-Techitter-frameworks-${CONFIGURATION}-input-files.xcfilelist",
			);
			name = "[CP] Embed Pods Frameworks";
			outputFileListPaths = (
				"${PODS_ROOT}/Target Support Files/Pods-Techitter/Pods-Techitter-frameworks-${CONFIGURATION}-output-files.xcfilelist",
			);
			runOnlyForDeploymentPostprocessing = 0;
			shellPath = /bin/sh;
			shellScript = "\"${PODS_ROOT}/Target Support Files/Pods-Techitter/Pods-Techitter-frameworks.sh\"\n";
			showEnvVarsInLog = 0;
		};
		43EEA2C8F20B4AF81A8FF8A6 /* [CP] Check Pods Manifest.lock */ = {
			isa = PBXShellScriptBuildPhase;
			buildActionMask = 2147483647;
			files = (
			);
			inputFileListPaths = (
			);
			inputPaths = (
				"${PODS_PODFILE_DIR_PATH}/Podfile.lock",
				"${PODS_ROOT}/Manifest.lock",
			);
			name = "[CP] Check Pods Manifest.lock";
			outputFileListPaths = (
			);
			outputPaths = (
				"$(DERIVED_FILE_DIR)/Pods-TechitterUITests-checkManifestLockResult.txt",
			);
			runOnlyForDeploymentPostprocessing = 0;
			shellPath = /bin/sh;
			shellScript = "diff \"${PODS_PODFILE_DIR_PATH}/Podfile.lock\" \"${PODS_ROOT}/Manifest.lock\" > /dev/null\nif [ $? != 0 ] ; then\n    # print error to STDERR\n    echo \"error: The sandbox is not in sync with the Podfile.lock. Run 'pod install' or update your CocoaPods installation.\" >&2\n    exit 1\nfi\n# This output is used by Xcode 'outputs' to avoid re-running this script phase.\necho \"SUCCESS\" > \"${SCRIPT_OUTPUT_FILE_0}\"\n";
			showEnvVarsInLog = 0;
		};
		5128DCF61E2DF689E82BBBD7 /* [CP] Check Pods Manifest.lock */ = {
			isa = PBXShellScriptBuildPhase;
			buildActionMask = 2147483647;
			files = (
			);
			inputFileListPaths = (
			);
			inputPaths = (
				"${PODS_PODFILE_DIR_PATH}/Podfile.lock",
				"${PODS_ROOT}/Manifest.lock",
			);
			name = "[CP] Check Pods Manifest.lock";
			outputFileListPaths = (
			);
			outputPaths = (
				"$(DERIVED_FILE_DIR)/Pods-TechitterTests-checkManifestLockResult.txt",
			);
			runOnlyForDeploymentPostprocessing = 0;
			shellPath = /bin/sh;
			shellScript = "diff \"${PODS_PODFILE_DIR_PATH}/Podfile.lock\" \"${PODS_ROOT}/Manifest.lock\" > /dev/null\nif [ $? != 0 ] ; then\n    # print error to STDERR\n    echo \"error: The sandbox is not in sync with the Podfile.lock. Run 'pod install' or update your CocoaPods installation.\" >&2\n    exit 1\nfi\n# This output is used by Xcode 'outputs' to avoid re-running this script phase.\necho \"SUCCESS\" > \"${SCRIPT_OUTPUT_FILE_0}\"\n";
			showEnvVarsInLog = 0;
		};
		F5C03B42B445FF50A6F01F3C /* [CP] Check Pods Manifest.lock */ = {
			isa = PBXShellScriptBuildPhase;
			buildActionMask = 2147483647;
			files = (
			);
			inputFileListPaths = (
			);
			inputPaths = (
				"${PODS_PODFILE_DIR_PATH}/Podfile.lock",
				"${PODS_ROOT}/Manifest.lock",
			);
			name = "[CP] Check Pods Manifest.lock";
			outputFileListPaths = (
			);
			outputPaths = (
				"$(DERIVED_FILE_DIR)/Pods-Techitter-checkManifestLockResult.txt",
			);
			runOnlyForDeploymentPostprocessing = 0;
			shellPath = /bin/sh;
			shellScript = "diff \"${PODS_PODFILE_DIR_PATH}/Podfile.lock\" \"${PODS_ROOT}/Manifest.lock\" > /dev/null\nif [ $? != 0 ] ; then\n    # print error to STDERR\n    echo \"error: The sandbox is not in sync with the Podfile.lock. Run 'pod install' or update your CocoaPods installation.\" >&2\n    exit 1\nfi\n# This output is used by Xcode 'outputs' to avoid re-running this script phase.\necho \"SUCCESS\" > \"${SCRIPT_OUTPUT_FILE_0}\"\n";
			showEnvVarsInLog = 0;
		};
/* End PBXShellScriptBuildPhase section */

/* Begin PBXSourcesBuildPhase section */
		8FBED7A12338AEF700DF7164 /* Sources */ = {
			isa = PBXSourcesBuildPhase;
			buildActionMask = 2147483647;
			files = (
				8FBED7AD2338AEF800DF7164 /* ViewController.swift in Sources */,
				8FBED7A92338AEF800DF7164 /* AppDelegate.swift in Sources */,
				8FFFECE4233B378D00B8D9BF /* PostWatchViewController.swift in Sources */,
				8FFFED27233F6E3700B8D9BF /* CustumnTableViewCell.swift in Sources */,
				8FBED7AB2338AEF800DF7164 /* SceneDelegate.swift in Sources */,
			);
			runOnlyForDeploymentPostprocessing = 0;
		};
		8FBED7B72338AEF800DF7164 /* Sources */ = {
			isa = PBXSourcesBuildPhase;
			buildActionMask = 2147483647;
			files = (
				8FBED7C02338AEF800DF7164 /* TechitterTests.swift in Sources */,
			);
			runOnlyForDeploymentPostprocessing = 0;
		};
		8FBED7C22338AEF800DF7164 /* Sources */ = {
			isa = PBXSourcesBuildPhase;
			buildActionMask = 2147483647;
			files = (
				8FBED7CB2338AEF800DF7164 /* TechitterUITests.swift in Sources */,
			);
			runOnlyForDeploymentPostprocessing = 0;
		};
/* End PBXSourcesBuildPhase section */

/* Begin PBXTargetDependency section */
		8FBED7BD2338AEF800DF7164 /* PBXTargetDependency */ = {
			isa = PBXTargetDependency;
			target = 8FBED7A42338AEF700DF7164 /* Techitter */;
			targetProxy = 8FBED7BC2338AEF800DF7164 /* PBXContainerItemProxy */;
		};
		8FBED7C82338AEF800DF7164 /* PBXTargetDependency */ = {
			isa = PBXTargetDependency;
			target = 8FBED7A42338AEF700DF7164 /* Techitter */;
			targetProxy = 8FBED7C72338AEF800DF7164 /* PBXContainerItemProxy */;
		};
/* End PBXTargetDependency section */

/* Begin PBXVariantGroup section */
		8FBED7AE2338AEF800DF7164 /* Main.storyboard */ = {
			isa = PBXVariantGroup;
			children = (
				8FBED7AF2338AEF800DF7164 /* Base */,
			);
			name = Main.storyboard;
			sourceTree = "<group>";
		};
		8FBED7B32338AEF800DF7164 /* LaunchScreen.storyboard */ = {
			isa = PBXVariantGroup;
			children = (
				8FBED7B42338AEF800DF7164 /* Base */,
			);
			name = LaunchScreen.storyboard;
			sourceTree = "<group>";
		};
/* End PBXVariantGroup section */

/* Begin XCBuildConfiguration section */
		8FBED7CD2338AEF800DF7164 /* Debug */ = {
			isa = XCBuildConfiguration;
			buildSettings = {
				ALWAYS_SEARCH_USER_PATHS = NO;
				CLANG_ANALYZER_NONNULL = YES;
				CLANG_ANALYZER_NUMBER_OBJECT_CONVERSION = YES_AGGRESSIVE;
				CLANG_CXX_LANGUAGE_STANDARD = "gnu++14";
				CLANG_CXX_LIBRARY = "libc++";
				CLANG_ENABLE_MODULES = YES;
				CLANG_ENABLE_OBJC_ARC = YES;
				CLANG_ENABLE_OBJC_WEAK = YES;
				CLANG_WARN_BLOCK_CAPTURE_AUTORELEASING = YES;
				CLANG_WARN_BOOL_CONVERSION = YES;
				CLANG_WARN_COMMA = YES;
				CLANG_WARN_CONSTANT_CONVERSION = YES;
				CLANG_WARN_DEPRECATED_OBJC_IMPLEMENTATIONS = YES;
				CLANG_WARN_DIRECT_OBJC_ISA_USAGE = YES_ERROR;
				CLANG_WARN_DOCUMENTATION_COMMENTS = YES;
				CLANG_WARN_EMPTY_BODY = YES;
				CLANG_WARN_ENUM_CONVERSION = YES;
				CLANG_WARN_INFINITE_RECURSION = YES;
				CLANG_WARN_INT_CONVERSION = YES;
				CLANG_WARN_NON_LITERAL_NULL_CONVERSION = YES;
				CLANG_WARN_OBJC_IMPLICIT_RETAIN_SELF = YES;
				CLANG_WARN_OBJC_LITERAL_CONVERSION = YES;
				CLANG_WARN_OBJC_ROOT_CLASS = YES_ERROR;
				CLANG_WARN_RANGE_LOOP_ANALYSIS = YES;
				CLANG_WARN_STRICT_PROTOTYPES = YES;
				CLANG_WARN_SUSPICIOUS_MOVE = YES;
				CLANG_WARN_UNGUARDED_AVAILABILITY = YES_AGGRESSIVE;
				CLANG_WARN_UNREACHABLE_CODE = YES;
				CLANG_WARN__DUPLICATE_METHOD_MATCH = YES;
				COPY_PHASE_STRIP = NO;
				DEBUG_INFORMATION_FORMAT = dwarf;
				ENABLE_STRICT_OBJC_MSGSEND = YES;
				ENABLE_TESTABILITY = YES;
				GCC_C_LANGUAGE_STANDARD = gnu11;
				GCC_DYNAMIC_NO_PIC = NO;
				GCC_NO_COMMON_BLOCKS = YES;
				GCC_OPTIMIZATION_LEVEL = 0;
				GCC_PREPROCESSOR_DEFINITIONS = (
					"DEBUG=1",
					"$(inherited)",
				);
				GCC_WARN_64_TO_32_BIT_CONVERSION = YES;
				GCC_WARN_ABOUT_RETURN_TYPE = YES_ERROR;
				GCC_WARN_UNDECLARED_SELECTOR = YES;
				GCC_WARN_UNINITIALIZED_AUTOS = YES_AGGRESSIVE;
				GCC_WARN_UNUSED_FUNCTION = YES;
				GCC_WARN_UNUSED_VARIABLE = YES;
				IPHONEOS_DEPLOYMENT_TARGET = 13.0;
				MTL_ENABLE_DEBUG_INFO = INCLUDE_SOURCE;
				MTL_FAST_MATH = YES;
				ONLY_ACTIVE_ARCH = YES;
				SDKROOT = iphoneos;
				SWIFT_ACTIVE_COMPILATION_CONDITIONS = DEBUG;
				SWIFT_OPTIMIZATION_LEVEL = "-Onone";
			};
			name = Debug;
		};
		8FBED7CE2338AEF800DF7164 /* Release */ = {
			isa = XCBuildConfiguration;
			buildSettings = {
				ALWAYS_SEARCH_USER_PATHS = NO;
				CLANG_ANALYZER_NONNULL = YES;
				CLANG_ANALYZER_NUMBER_OBJECT_CONVERSION = YES_AGGRESSIVE;
				CLANG_CXX_LANGUAGE_STANDARD = "gnu++14";
				CLANG_CXX_LIBRARY = "libc++";
				CLANG_ENABLE_MODULES = YES;
				CLANG_ENABLE_OBJC_ARC = YES;
				CLANG_ENABLE_OBJC_WEAK = YES;
				CLANG_WARN_BLOCK_CAPTURE_AUTORELEASING = YES;
				CLANG_WARN_BOOL_CONVERSION = YES;
				CLANG_WARN_COMMA = YES;
				CLANG_WARN_CONSTANT_CONVERSION = YES;
				CLANG_WARN_DEPRECATED_OBJC_IMPLEMENTATIONS = YES;
				CLANG_WARN_DIRECT_OBJC_ISA_USAGE = YES_ERROR;
				CLANG_WARN_DOCUMENTATION_COMMENTS = YES;
				CLANG_WARN_EMPTY_BODY = YES;
				CLANG_WARN_ENUM_CONVERSION = YES;
				CLANG_WARN_INFINITE_RECURSION = YES;
				CLANG_WARN_INT_CONVERSION = YES;
				CLANG_WARN_NON_LITERAL_NULL_CONVERSION = YES;
				CLANG_WARN_OBJC_IMPLICIT_RETAIN_SELF = YES;
				CLANG_WARN_OBJC_LITERAL_CONVERSION = YES;
				CLANG_WARN_OBJC_ROOT_CLASS = YES_ERROR;
				CLANG_WARN_RANGE_LOOP_ANALYSIS = YES;
				CLANG_WARN_STRICT_PROTOTYPES = YES;
				CLANG_WARN_SUSPICIOUS_MOVE = YES;
				CLANG_WARN_UNGUARDED_AVAILABILITY = YES_AGGRESSIVE;
				CLANG_WARN_UNREACHABLE_CODE = YES;
				CLANG_WARN__DUPLICATE_METHOD_MATCH = YES;
				COPY_PHASE_STRIP = NO;
				DEBUG_INFORMATION_FORMAT = "dwarf-with-dsym";
				ENABLE_NS_ASSERTIONS = NO;
				ENABLE_STRICT_OBJC_MSGSEND = YES;
				GCC_C_LANGUAGE_STANDARD = gnu11;
				GCC_NO_COMMON_BLOCKS = YES;
				GCC_WARN_64_TO_32_BIT_CONVERSION = YES;
				GCC_WARN_ABOUT_RETURN_TYPE = YES_ERROR;
				GCC_WARN_UNDECLARED_SELECTOR = YES;
				GCC_WARN_UNINITIALIZED_AUTOS = YES_AGGRESSIVE;
				GCC_WARN_UNUSED_FUNCTION = YES;
				GCC_WARN_UNUSED_VARIABLE = YES;
				IPHONEOS_DEPLOYMENT_TARGET = 13.0;
				MTL_ENABLE_DEBUG_INFO = NO;
				MTL_FAST_MATH = YES;
				SDKROOT = iphoneos;
				SWIFT_COMPILATION_MODE = wholemodule;
				SWIFT_OPTIMIZATION_LEVEL = "-O";
				VALIDATE_PRODUCT = YES;
			};
			name = Release;
		};
		8FBED7D02338AEF800DF7164 /* Debug */ = {
			isa = XCBuildConfiguration;
			baseConfigurationReference = 97B0CFF6C283FA153FEC128B /* Pods-Techitter.debug.xcconfig */;
			buildSettings = {
				ASSETCATALOG_COMPILER_APPICON_NAME = AppIcon;
				CODE_SIGN_STYLE = Automatic;
				DEVELOPMENT_TEAM = RW9N8FZHM7;
				INFOPLIST_FILE = Techitter/Info.plist;
				LD_RUNPATH_SEARCH_PATHS = (
					"$(inherited)",
					"@executable_path/Frameworks",
				);
				PRODUCT_BUNDLE_IDENTIFIER = kyamisuke.Techitter;
				PRODUCT_NAME = "$(TARGET_NAME)";
				SWIFT_VERSION = 5.0;
				TARGETED_DEVICE_FAMILY = "1,2";
			};
			name = Debug;
		};
		8FBED7D12338AEF800DF7164 /* Release */ = {
			isa = XCBuildConfiguration;
			baseConfigurationReference = B4054F41EC8C9FCBF1FB2198 /* Pods-Techitter.release.xcconfig */;
			buildSettings = {
				ASSETCATALOG_COMPILER_APPICON_NAME = AppIcon;
				CODE_SIGN_STYLE = Automatic;
				DEVELOPMENT_TEAM = RW9N8FZHM7;
				INFOPLIST_FILE = Techitter/Info.plist;
				LD_RUNPATH_SEARCH_PATHS = (
					"$(inherited)",
					"@executable_path/Frameworks",
				);
				PRODUCT_BUNDLE_IDENTIFIER = kyamisuke.Techitter;
				PRODUCT_NAME = "$(TARGET_NAME)";
				SWIFT_VERSION = 5.0;
				TARGETED_DEVICE_FAMILY = "1,2";
			};
			name = Release;
		};
		8FBED7D32338AEF800DF7164 /* Debug */ = {
			isa = XCBuildConfiguration;
			baseConfigurationReference = 5B9140D9138225505E47DC39 /* Pods-TechitterTests.debug.xcconfig */;
			buildSettings = {
				ALWAYS_EMBED_SWIFT_STANDARD_LIBRARIES = YES;
				BUNDLE_LOADER = "$(TEST_HOST)";
				CODE_SIGN_STYLE = Automatic;
				DEVELOPMENT_TEAM = RW9N8FZHM7;
				INFOPLIST_FILE = TechitterTests/Info.plist;
				IPHONEOS_DEPLOYMENT_TARGET = 13.0;
				LD_RUNPATH_SEARCH_PATHS = (
					"$(inherited)",
					"@executable_path/Frameworks",
					"@loader_path/Frameworks",
				);
				PRODUCT_BUNDLE_IDENTIFIER = kyamisuke.TechitterTests;
				PRODUCT_NAME = "$(TARGET_NAME)";
				SWIFT_VERSION = 5.0;
				TARGETED_DEVICE_FAMILY = "1,2";
				TEST_HOST = "$(BUILT_PRODUCTS_DIR)/Techitter.app/Techitter";
			};
			name = Debug;
		};
		8FBED7D42338AEF800DF7164 /* Release */ = {
			isa = XCBuildConfiguration;
			baseConfigurationReference = 8E86EA1B09552E66B445F1F7 /* Pods-TechitterTests.release.xcconfig */;
			buildSettings = {
				ALWAYS_EMBED_SWIFT_STANDARD_LIBRARIES = YES;
				BUNDLE_LOADER = "$(TEST_HOST)";
				CODE_SIGN_STYLE = Automatic;
				DEVELOPMENT_TEAM = RW9N8FZHM7;
				INFOPLIST_FILE = TechitterTests/Info.plist;
				IPHONEOS_DEPLOYMENT_TARGET = 13.0;
				LD_RUNPATH_SEARCH_PATHS = (
					"$(inherited)",
					"@executable_path/Frameworks",
					"@loader_path/Frameworks",
				);
				PRODUCT_BUNDLE_IDENTIFIER = kyamisuke.TechitterTests;
				PRODUCT_NAME = "$(TARGET_NAME)";
				SWIFT_VERSION = 5.0;
				TARGETED_DEVICE_FAMILY = "1,2";
				TEST_HOST = "$(BUILT_PRODUCTS_DIR)/Techitter.app/Techitter";
			};
			name = Release;
		};
		8FBED7D62338AEF800DF7164 /* Debug */ = {
			isa = XCBuildConfiguration;
			baseConfigurationReference = D74A7CF586729B216CD587D4 /* Pods-TechitterUITests.debug.xcconfig */;
			buildSettings = {
				ALWAYS_EMBED_SWIFT_STANDARD_LIBRARIES = YES;
				CODE_SIGN_STYLE = Automatic;
				DEVELOPMENT_TEAM = RW9N8FZHM7;
				INFOPLIST_FILE = TechitterUITests/Info.plist;
				LD_RUNPATH_SEARCH_PATHS = (
					"$(inherited)",
					"@executable_path/Frameworks",
					"@loader_path/Frameworks",
				);
				PRODUCT_BUNDLE_IDENTIFIER = kyamisuke.TechitterUITests;
				PRODUCT_NAME = "$(TARGET_NAME)";
				SWIFT_VERSION = 5.0;
				TARGETED_DEVICE_FAMILY = "1,2";
				TEST_TARGET_NAME = Techitter;
			};
			name = Debug;
		};
		8FBED7D72338AEF800DF7164 /* Release */ = {
			isa = XCBuildConfiguration;
			baseConfigurationReference = 3D45065881BF1732BCD3A18E /* Pods-TechitterUITests.release.xcconfig */;
			buildSettings = {
				ALWAYS_EMBED_SWIFT_STANDARD_LIBRARIES = YES;
				CODE_SIGN_STYLE = Automatic;
				DEVELOPMENT_TEAM = RW9N8FZHM7;
				INFOPLIST_FILE = TechitterUITests/Info.plist;
				LD_RUNPATH_SEARCH_PATHS = (
					"$(inherited)",
					"@executable_path/Frameworks",
					"@loader_path/Frameworks",
				);
				PRODUCT_BUNDLE_IDENTIFIER = kyamisuke.TechitterUITests;
				PRODUCT_NAME = "$(TARGET_NAME)";
				SWIFT_VERSION = 5.0;
				TARGETED_DEVICE_FAMILY = "1,2";
				TEST_TARGET_NAME = Techitter;
			};
			name = Release;
		};
/* End XCBuildConfiguration section */

/* Begin XCConfigurationList section */
		8FBED7A02338AEF700DF7164 /* Build configuration list for PBXProject "Techitter" */ = {
			isa = XCConfigurationList;
			buildConfigurations = (
				8FBED7CD2338AEF800DF7164 /* Debug */,
				8FBED7CE2338AEF800DF7164 /* Release */,
			);
			defaultConfigurationIsVisible = 0;
			defaultConfigurationName = Release;
		};
		8FBED7CF2338AEF800DF7164 /* Build configuration list for PBXNativeTarget "Techitter" */ = {
			isa = XCConfigurationList;
			buildConfigurations = (
				8FBED7D02338AEF800DF7164 /* Debug */,
				8FBED7D12338AEF800DF7164 /* Release */,
			);
			defaultConfigurationIsVisible = 0;
			defaultConfigurationName = Release;
		};
		8FBED7D22338AEF800DF7164 /* Build configuration list for PBXNativeTarget "TechitterTests" */ = {
			isa = XCConfigurationList;
			buildConfigurations = (
				8FBED7D32338AEF800DF7164 /* Debug */,
				8FBED7D42338AEF800DF7164 /* Release */,
			);
			defaultConfigurationIsVisible = 0;
			defaultConfigurationName = Release;
		};
		8FBED7D52338AEF800DF7164 /* Build configuration list for PBXNativeTarget "TechitterUITests" */ = {
			isa = XCConfigurationList;
			buildConfigurations = (
				8FBED7D62338AEF800DF7164 /* Debug */,
				8FBED7D72338AEF800DF7164 /* Release */,
			);
			defaultConfigurationIsVisible = 0;
			defaultConfigurationName = Release;
		};
/* End XCConfigurationList section */
	};
	rootObject = 8FBED79D2338AEF700DF7164 /* Project object */;
}
